{
	"requires": true,
	"lockfileVersion": 1,
	"dependencies": {
		"@types/node": {
			"version": "12.20.6",
			"resolved": "https://registry.npmjs.org/@types/node/-/node-12.20.6.tgz",
			"integrity": "sha512-sRVq8d+ApGslmkE9e3i+D3gFGk7aZHAT+G4cIpIEdLJYPsWiSPwcAnJEjddLQQDqV3Ra2jOclX/Sv6YrvGYiWA==",
			"dev": true
		},
		"nodeplotlib": {
			"version": "0.6.5",
			"resolved": "https://registry.npmjs.org/nodeplotlib/-/nodeplotlib-0.6.5.tgz",
			"integrity": "sha512-P2mk3QRjXox0Hr1nhMJwjW7Cp8GgZGBM3xIN6ytNoU8W5RJaUs0qgzilSPZjHJpm1R77oRRS+uJmh+1q0PMwIQ=="
		},
		"typescript": {
			"version": "3.9.9",
			"resolved": "https://registry.npmjs.org/typescript/-/typescript-3.9.9.tgz",
			"integrity": "sha512-kdMjTiekY+z/ubJCATUPlRDl39vXYiMV9iyeMuEuXZh2we6zz80uovNN2WlAxmmdE/Z/YQe+EbOEXB5RHEED3w==",
			"dev": true
		}
	}
}
